
Microsoft Visual Studio Solution File, Format Version 12.00
# Visual Studio Version 16
VisualStudioVersion = 16.0.33214.272
MinimumVisualStudioVersion = 10.0.40219.1
Project("{FAE04EC0-301F-11D3-BF4B-00C04F79EFBC}") = "PictureViewerl ubimova", "PictureViewerl ubimova\PictureViewerl ubimova.csproj", "{6CC0D4BA-5980-4E7B-B12A-3EFCCA838043}"
EndProject
Global
	GlobalSection(SolutionConfigurationPlatforms) = preSolution
		Debug|Any CPU = Debug|Any CPU
		Release|Any CPU = Release|Any CPU
	EndGlobalSection
	GlobalSection(ProjectConfigurationPlatforms) = postSolution
		{6CC0D4BA-5980-4E7B-B12A-3EFCCA838043}.Debug|Any CPU.ActiveCfg = Debug|Any CPU
		{6CC0D4BA-5980-4E7B-B12A-3EFCCA838043}.Debug|Any CPU.Build.0 = Debug|Any CPU
		{6CC0D4BA-5980-4E7B-B12A-3EFCCA838043}.Release|Any CPU.ActiveCfg = Release|Any CPU
		{6CC0D4BA-5980-4E7B-B12A-3EFCCA838043}.Release|Any CPU.Build.0 = Release|Any CPU
	EndGlobalSection
	GlobalSection(SolutionProperties) = preSolution
		HideSolutionNode = FALSE
	EndGlobalSection
	GlobalSection(ExtensibilityGlobals) = postSolution
		SolutionGuid = {E3C2A201-1BD6-49A8-B9FC-47354F245191}
	EndGlobalSection
EndGlobal
